// !$*UTF8*$!
{
	archiveVersion = 1;
	classes = {
	};
	objectVersion = 50;
	objects = {

/* Begin PBXBuildFile section */
		22078A41231A60F4007EB11E /* AppDelegate.swift in Sources */ = {isa = PBXBuildFile; fileRef = 22078A40231A60F4007EB11E /* AppDelegate.swift */; };
		22078A43231A60F4007EB11E /* ViewController.swift in Sources */ = {isa = PBXBuildFile; fileRef = 22078A42231A60F4007EB11E /* ViewController.swift */; };
		22078A46231A60F4007EB11E /* Main.storyboard in Resources */ = {isa = PBXBuildFile; fileRef = 22078A44231A60F4007EB11E /* Main.storyboard */; };
		22078A4B231A60F5007EB11E /* Assets.xcassets in Resources */ = {isa = PBXBuildFile; fileRef = 22078A4A231A60F5007EB11E /* Assets.xcassets */; };
		22078A4E231A60F5007EB11E /* LaunchScreen.storyboard in Resources */ = {isa = PBXBuildFile; fileRef = 22078A4C231A60F5007EB11E /* LaunchScreen.storyboard */; };
		22078A57231A61C4007EB11E /* Model.xcdatamodeld in Sources */ = {isa = PBXBuildFile; fileRef = 22078A55231A61C4007EB11E /* Model.xcdatamodeld */; };
		22078A5A231A70C9007EB11E /* Tweet.swift in Sources */ = {isa = PBXBuildFile; fileRef = 22078A59231A70C9007EB11E /* Tweet.swift */; };
		22078A5C231A713A007EB11E /* TwitterUser.swift in Sources */ = {isa = PBXBuildFile; fileRef = 22078A5B231A713A007EB11E /* TwitterUser.swift */; };
/* End PBXBuildFile section */

/* Begin PBXFileReference section */
		22078A3D231A60F4007EB11E /* CoreDataExample.app */ = {isa = PBXFileReference; explicitFileType = wrapper.application; includeInIndex = 0; path = CoreDataExample.app; sourceTree = BUILT_PRODUCTS_DIR; };
		22078A40231A60F4007EB11E /* AppDelegate.swift */ = {isa = PBXFileReference; lastKnownFileType = sourcecode.swift; path = AppDelegate.swift; sourceTree = "<group>"; };
		22078A42231A60F4007EB11E /* ViewController.swift */ = {isa = PBXFileReference; lastKnownFileType = sourcecode.swift; path = ViewController.swift; sourceTree = "<group>"; };
		22078A45231A60F4007EB11E /* Base */ = {isa = PBXFileReference; lastKnownFileType = file.storyboard; name = Base; path = Base.lproj/Main.storyboard; sourceTree = "<group>"; };
		22078A4A231A60F5007EB11E /* Assets.xcassets */ = {isa = PBXFileReference; lastKnownFileType = folder.assetcatalog; path = Assets.xcassets; sourceTree = "<group>"; };
		22078A4D231A60F5007EB11E /* Base */ = {isa = PBXFileReference; lastKnownFileType = file.storyboard; name = Base; path = Base.lproj/LaunchScreen.storyboard; sourceTree = "<group>"; };
		22078A4F231A60F5007EB11E /* Info.plist */ = {isa = PBXFileReference; lastKnownFileType = text.plist.xml; path = Info.plist; sourceTree = "<group>"; };
		22078A56231A61C4007EB11E /* Model.xcdatamodel */ = {isa = PBXFileReference; lastKnownFileType = wrapper.xcdatamodel; path = Model.xcdatamodel; sourceTree = "<group>"; };
		22078A59231A70C9007EB11E /* Tweet.swift */ = {isa = PBXFileReference; lastKnownFileType = sourcecode.swift; path = Tweet.swift; sourceTree = "<group>"; };
		22078A5B231A713A007EB11E /* TwitterUser.swift */ = {isa = PBXFileReference; lastKnownFileType = sourcecode.swift; path = TwitterUser.swift; sourceTree = "<group>"; };
/* End PBXFileReference section */

/* Begin PBXFrameworksBuildPhase section */
		22078A3A231A60F4007EB11E /* Frameworks */ = {
			isa = PBXFrameworksBuildPhase;
			buildActionMask = 2147483647;
			files = (
			);
			runOnlyForDeploymentPostprocessing = 0;
		};
/* End PBXFrameworksBuildPhase section */

/* Begin PBXGroup section */
		22078A34231A60F4007EB11E = {
			isa = PBXGroup;
			children = (
				22078A3F231A60F4007EB11E /* CoreDataExample */,
				22078A3E231A60F4007EB11E /* Products */,
			);
			sourceTree = "<group>";
		};
		22078A3E231A60F4007EB11E /* Products */ = {
			isa = PBXGroup;
			children = (
				22078A3D231A60F4007EB11E /* CoreDataExample.app */,
			);
			name = Products;
			sourceTree = "<group>";
		};
		22078A3F231A60F4007EB11E /* CoreDataExample */ = {
			isa = PBXGroup;
			children = (
				22078A55231A61C4007EB11E /* Model.xcdatamodeld */,
				22078A59231A70C9007EB11E /* Tweet.swift */,
				22078A5B231A713A007EB11E /* TwitterUser.swift */,
				22078A42231A60F4007EB11E /* ViewController.swift */,
				22078A44231A60F4007EB11E /* Main.storyboard */,
				22078A58231A61D9007EB11E /* Supporting Files */,
			);
			path = CoreDataExample;
			sourceTree = "<group>";
		};
		22078A58231A61D9007EB11E /* Supporting Files */ = {
			isa = PBXGroup;
			children = (
				22078A40231A60F4007EB11E /* AppDelegate.swift */,
				22078A4A231A60F5007EB11E /* Assets.xcassets */,
				22078A4C231A60F5007EB11E /* LaunchScreen.storyboard */,
				22078A4F231A60F5007EB11E /* Info.plist */,
			);
			path = "Supporting Files";
			sourceTree = "<group>";
		};
/* End PBXGroup section */

/* Begin PBXNativeTarget section */
		22078A3C231A60F4007EB11E /* CoreDataExample */ = {
			isa = PBXNativeTarget;
			buildConfigurationList = 22078A52231A60F5007EB11E /* Build configuration list for PBXNativeTarget "CoreDataExample" */;
			buildPhases = (
				22078A39231A60F4007EB11E /* Sources */,
				22078A3A231A60F4007EB11E /* Frameworks */,
				22078A3B231A60F4007EB11E /* Resources */,
			);
			buildRules = (
			);
			dependencies = (
			);
			name = CoreDataExample;
			productName = CoreDataExample;
			productReference = 22078A3D231A60F4007EB11E /* CoreDataExample.app */;
			productType = "com.apple.product-type.application";
		};
/* End PBXNativeTarget section */

/* Begin PBXProject section */
		22078A35231A60F4007EB11E /* Project object */ = {
			isa = PBXProject;
			attributes = {
				LastSwiftUpdateCheck = 1030;
				LastUpgradeCheck = 1030;
				ORGANIZATIONNAME = vine;
				TargetAttributes = {
					22078A3C231A60F4007EB11E = {
						CreatedOnToolsVersion = 10.3;
					};
				};
			};
			buildConfigurationList = 22078A38231A60F4007EB11E /* Build configuration list for PBXProject "CoreDataExample" */;
			compatibilityVersion = "Xcode 9.3";
			developmentRegion = en;
			hasScannedForEncodings = 0;
			knownRegions = (
				en,
				Base,
			);
			mainGroup = 22078A34231A60F4007EB11E;
			productRefGroup = 22078A3E231A60F4007EB11E /* Products */;
			projectDirPath = "";
			projectRoot = "";
			targets = (
				22078A3C231A60F4007EB11E /* CoreDataExample */,
			);
		};
/* End PBXProject section */

/* Begin PBXResourcesBuildPhase section */
		22078A3B231A60F4007EB11E /* Resources */ = {
			isa = PBXResourcesBuildPhase;
			buildActionMask = 2147483647;
			files = (
				22078A4E231A60F5007EB11E /* LaunchScreen.storyboard in Resources */,
				22078A4B231A60F5007EB11E /* Assets.xcassets in Resources */,
				22078A46231A60F4007EB11E /* Main.storyboard in Resources */,
			);
			runOnlyForDeploymentPostprocessing = 0;
		};
/* End PBXResourcesBuildPhase section */

/* Begin PBXSourcesBuildPhase section */
		22078A39231A60F4007EB11E /* Sources */ = {
			isa = PBXSourcesBuildPhase;
			buildActionMask = 2147483647;
			files = (
				22078A5C231A713A007EB11E /* TwitterUser.swift in Sources */,
				22078A43231A60F4007EB11E /* ViewController.swift in Sources */,
				22078A41231A60F4007EB11E /* AppDelegate.swift in Sources */,
				22078A57231A61C4007EB11E /* Model.xcdatamodeld in Sources */,
				22078A5A231A70C9007EB11E /* Tweet.swift in Sources */,
			);
			runOnlyForDeploymentPostprocessing = 0;
		};
/* End PBXSourcesBuildPhase section */

/* Begin PBXVariantGroup section */
		22078A44231A60F4007EB11E /* Main.storyboard */ = {
			isa = PBXVariantGroup;
			children = (
				22078A45231A60F4007EB11E /* Base */,
			);
			name = Main.storyboard;
			sourceTree = "<group>";
		};
		22078A4C231A60F5007EB11E /* LaunchScreen.storyboard */ = {
			isa = PBXVariantGroup;
			children = (
				22078A4D231A60F5007EB11E /* Base */,
			);
			name = LaunchScreen.storyboard;
			sourceTree = "<group>";
		};
/* End PBXVariantGroup section */

/* Begin XCBuildConfiguration section */
		22078A50231A60F5007EB11E /* Debug */ = {
			isa = XCBuildConfiguration;
			buildSettings = {
				ALWAYS_SEARCH_USER_PATHS = NO;
				CLANG_ANALYZER_NONNULL = YES;
				CLANG_ANALYZER_NUMBER_OBJECT_CONVERSION = YES_AGGRESSIVE;
				CLANG_CXX_LANGUAGE_STANDARD = "gnu++14";
				CLANG_CXX_LIBRARY = "libc++";
				CLANG_ENABLE_MODULES = YES;
				CLANG_ENABLE_OBJC_ARC = YES;
				CLANG_ENABLE_OBJC_WEAK = YES;
				CLANG_WARN_BLOCK_CAPTURE_AUTORELEASING = YES;
				CLANG_WARN_BOOL_CONVERSION = YES;
				CLANG_WARN_COMMA = YES;
				CLANG_WARN_CONSTANT_CONVERSION = YES;
				CLANG_WARN_DEPRECATED_OBJC_IMPLEMENTATIONS = YES;
				CLANG_WARN_DIRECT_OBJC_ISA_USAGE = YES_ERROR;
				CLANG_WARN_DOCUMENTATION_COMMENTS = YES;
				CLANG_WARN_EMPTY_BODY = YES;
				CLANG_WARN_ENUM_CONVERSION = YES;
				CLANG_WARN_INFINITE_RECURSION = YES;
				CLANG_WARN_INT_CONVERSION = YES;
				CLANG_WARN_NON_LITERAL_NULL_CONVERSION = YES;
				CLANG_WARN_OBJC_IMPLICIT_RETAIN_SELF = YES;
				CLANG_WARN_OBJC_LITERAL_CONVERSION = YES;
				CLANG_WARN_OBJC_ROOT_CLASS = YES_ERROR;
				CLANG_WARN_RANGE_LOOP_ANALYSIS = YES;
				CLANG_WARN_STRICT_PROTOTYPES = YES;
				CLANG_WARN_SUSPICIOUS_MOVE = YES;
				CLANG_WARN_UNGUARDED_AVAILABILITY = YES_AGGRESSIVE;
				CLANG_WARN_UNREACHABLE_CODE = YES;
				CLANG_WARN__DUPLICATE_METHOD_MATCH = YES;
				CODE_SIGN_IDENTITY = "iPhone Developer";
				COPY_PHASE_STRIP = NO;
				DEBUG_INFORMATION_FORMAT = dwarf;
				ENABLE_STRICT_OBJC_MSGSEND = YES;
				ENABLE_TESTABILITY = YES;
				GCC_C_LANGUAGE_STANDARD = gnu11;
				GCC_DYNAMIC_NO_PIC = NO;
				GCC_NO_COMMON_BLOCKS = YES;
				GCC_OPTIMIZATION_LEVEL = 0;
				GCC_PREPROCESSOR_DEFINITIONS = (
					"DEBUG=1",
					"$(inherited)",
				);
				GCC_WARN_64_TO_32_BIT_CONVERSION = YES;
				GCC_WARN_ABOUT_RETURN_TYPE = YES_ERROR;
				GCC_WARN_UNDECLARED_SELECTOR = YES;
				GCC_WARN_UNINITIALIZED_AUTOS = YES_AGGRESSIVE;
				GCC_WARN_UNUSED_FUNCTION = YES;
				GCC_WARN_UNUSED_VARIABLE = YES;
				IPHONEOS_DEPLOYMENT_TARGET = 12.4;
				MTL_ENABLE_DEBUG_INFO = INCLUDE_SOURCE;
				MTL_FAST_MATH = YES;
				ONLY_ACTIVE_ARCH = YES;
				SDKROOT = iphoneos;
				SWIFT_ACTIVE_COMPILATION_CONDITIONS = DEBUG;
				SWIFT_OPTIMIZATION_LEVEL = "-Onone";
			};
			name = Debug;
		};
		22078A51231A60F5007EB11E /* Release */ = {
			isa = XCBuildConfiguration;
			buildSettings = {
				ALWAYS_SEARCH_USER_PATHS = NO;
				CLANG_ANALYZER_NONNULL = YES;
				CLANG_ANALYZER_NUMBER_OBJECT_CONVERSION = YES_AGGRESSIVE;
				CLANG_CXX_LANGUAGE_STANDARD = "gnu++14";
				CLANG_CXX_LIBRARY = "libc++";
				CLANG_ENABLE_MODULES = YES;
				CLANG_ENABLE_OBJC_ARC = YES;
				CLANG_ENABLE_OBJC_WEAK = YES;
				CLANG_WARN_BLOCK_CAPTURE_AUTORELEASING = YES;
				CLANG_WARN_BOOL_CONVERSION = YES;
				CLANG_WARN_COMMA = YES;
				CLANG_WARN_CONSTANT_CONVERSION = YES;
				CLANG_WARN_DEPRECATED_OBJC_IMPLEMENTATIONS = YES;
				CLANG_WARN_DIRECT_OBJC_ISA_USAGE = YES_ERROR;
				CLANG_WARN_DOCUMENTATION_COMMENTS = YES;
				CLANG_WARN_EMPTY_BODY = YES;
				CLANG_WARN_ENUM_CONVERSION = YES;
				CLANG_WARN_INFINITE_RECURSION = YES;
				CLANG_WARN_INT_CONVERSION = YES;
				CLANG_WARN_NON_LITERAL_NULL_CONVERSION = YES;
				CLANG_WARN_OBJC_IMPLICIT_RETAIN_SELF = YES;
				CLANG_WARN_OBJC_LITERAL_CONVERSION = YES;
				CLANG_WARN_OBJC_ROOT_CLASS = YES_ERROR;
				CLANG_WARN_RANGE_LOOP_ANALYSIS = YES;
				CLANG_WARN_STRICT_PROTOTYPES = YES;
				CLANG_WARN_SUSPICIOUS_MOVE = YES;
				CLANG_WARN_UNGUARDED_AVAILABILITY = YES_AGGRESSIVE;
				CLANG_WARN_UNREACHABLE_CODE = YES;
				CLANG_WARN__DUPLICATE_METHOD_MATCH = YES;
				CODE_SIGN_IDENTITY = "iPhone Developer";
				COPY_PHASE_STRIP = NO;
				DEBUG_INFORMATION_FORMAT = "dwarf-with-dsym";
				ENABLE_NS_ASSERTIONS = NO;
				ENABLE_STRICT_OBJC_MSGSEND = YES;
				GCC_C_LANGUAGE_STANDARD = gnu11;
				GCC_NO_COMMON_BLOCKS = YES;
				GCC_WARN_64_TO_32_BIT_CONVERSION = YES;
				GCC_WARN_ABOUT_RETURN_TYPE = YES_ERROR;
				GCC_WARN_UNDECLARED_SELECTOR = YES;
				GCC_WARN_UNINITIALIZED_AUTOS = YES_AGGRESSIVE;
				GCC_WARN_UNUSED_FUNCTION = YES;
				GCC_WARN_UNUSED_VARIABLE = YES;
				IPHONEOS_DEPLOYMENT_TARGET = 12.4;
				MTL_ENABLE_DEBUG_INFO = NO;
				MTL_FAST_MATH = YES;
				SDKROOT = iphoneos;
				SWIFT_COMPILATION_MODE = wholemodule;
				SWIFT_OPTIMIZATION_LEVEL = "-O";
				VALIDATE_PRODUCT = YES;
			};
			name = Release;
		};
		22078A53231A60F5007EB11E /* Debug */ = {
			isa = XCBuildConfiguration;
			buildSettings = {
				ASSETCATALOG_COMPILER_APPICON_NAME = AppIcon;
				CODE_SIGN_STYLE = Automatic;
				DEVELOPMENT_TEAM = N3PJA24574;
				INFOPLIST_FILE = "CoreDataExample/Supporting Files/Info.plist";
				LD_RUNPATH_SEARCH_PATHS = (
					"$(inherited)",
					"@executable_path/Frameworks",
				);
				PRODUCT_BUNDLE_IDENTIFIER = com.chuangbie.CoreDataExample;
				PRODUCT_NAME = "$(TARGET_NAME)";
				SWIFT_VERSION = 5.0;
				TARGETED_DEVICE_FAMILY = "1,2";
			};
			name = Debug;
		};
		22078A54231A60F5007EB11E /* Release */ = {
			isa = XCBuildConfiguration;
			buildSettings = {
				ASSETCATALOG_COMPILER_APPICON_NAME = AppIcon;
				CODE_SIGN_STYLE = Automatic;
				DEVELOPMENT_TEAM = N3PJA24574;
				INFOPLIST_FILE = "CoreDataExample/Supporting Files/Info.plist";
				LD_RUNPATH_SEARCH_PATHS = (
					"$(inherited)",
					"@executable_path/Frameworks",
				);
				PRODUCT_BUNDLE_IDENTIFIER = com.chuangbie.CoreDataExample;
				PRODUCT_NAME = "$(TARGET_NAME)";
				SWIFT_VERSION = 5.0;
				TARGETED_DEVICE_FAMILY = "1,2";
			};
			name = Release;
		};
/* End XCBuildConfiguration section */

/* Begin XCConfigurationList section */
		22078A38231A60F4007EB11E /* Build configuration list for PBXProject "CoreDataExample" */ = {
			isa = XCConfigurationList;
			buildConfigurations = (
				22078A50231A60F5007EB11E /* Debug */,
				22078A51231A60F5007EB11E /* Release */,
			);
			defaultConfigurationIsVisible = 0;
			defaultConfigurationName = Release;
		};
		22078A52231A60F5007EB11E /* Build configuration list for PBXNativeTarget "CoreDataExample" */ = {
			isa = XCConfigurationList;
			buildConfigurations = (
				22078A53231A60F5007EB11E /* Debug */,
				22078A54231A60F5007EB11E /* Release */,
			);
			defaultConfigurationIsVisible = 0;
			defaultConfigurationName = Release;
		};
/* End XCConfigurationList section */

/* Begin XCVersionGroup section */
		22078A55231A61C4007EB11E /* Model.xcdatamodeld */ = {
			isa = XCVersionGroup;
			children = (
				22078A56231A61C4007EB11E /* Model.xcdatamodel */,
			);
			currentVersion = 22078A56231A61C4007EB11E /* Model.xcdatamodel */;
			path = Model.xcdatamodeld;
			sourceTree = "<group>";
			versionGroupType = wrapper.xcdatamodel;
		};
/* End XCVersionGroup section */
	};
	rootObject = 22078A35231A60F4007EB11E /* Project object */;
}
